// !$*UTF8*$!
{
	archiveVersion = 1;
	classes = {
	};
	objectVersion = 50;
	objects = {

/* Begin PBXBuildFile section */
		9A2DB39321EA68A800B5CDD1 /* RecipeCell.swift in Sources */ = {isa = PBXBuildFile; fileRef = 9A2DB39221EA68A800B5CDD1 /* RecipeCell.swift */; };
		9A2DB39521EA68BB00B5CDD1 /* RecipeXib.xib in Resources */ = {isa = PBXBuildFile; fileRef = 9A2DB39421EA68BB00B5CDD1 /* RecipeXib.xib */; };
		9A2DB39721EA68D000B5CDD1 /* RecipeXibView.swift in Sources */ = {isa = PBXBuildFile; fileRef = 9A2DB39621EA68D000B5CDD1 /* RecipeXibView.swift */; };
		9A2DB39921EA6A0A00B5CDD1 /* MyRoundedImageView.swift in Sources */ = {isa = PBXBuildFile; fileRef = 9A2DB39821EA6A0A00B5CDD1 /* MyRoundedImageView.swift */; };
		9A2DB39B21EA6E3800B5CDD1 /* MyGradientShadowView.swift in Sources */ = {isa = PBXBuildFile; fileRef = 9A2DB39A21EA6E3800B5CDD1 /* MyGradientShadowView.swift */; };
		9AE9DECF21EA445F00F4ED59 /* AppDelegate.swift in Sources */ = {isa = PBXBuildFile; fileRef = 9AE9DECE21EA445F00F4ED59 /* AppDelegate.swift */; };
		9AE9DED121EA445F00F4ED59 /* SearchRecipeVC.swift in Sources */ = {isa = PBXBuildFile; fileRef = 9AE9DED021EA445F00F4ED59 /* SearchRecipeVC.swift */; };
		9AE9DED421EA445F00F4ED59 /* Main.storyboard in Resources */ = {isa = PBXBuildFile; fileRef = 9AE9DED221EA445F00F4ED59 /* Main.storyboard */; };
		9AE9DED621EA446000F4ED59 /* Assets.xcassets in Resources */ = {isa = PBXBuildFile; fileRef = 9AE9DED521EA446000F4ED59 /* Assets.xcassets */; };
		9AE9DED921EA446000F4ED59 /* LaunchScreen.storyboard in Resources */ = {isa = PBXBuildFile; fileRef = 9AE9DED721EA446000F4ED59 /* LaunchScreen.storyboard */; };
		9AE9DEE821EA460900F4ED59 /* JsonModel.swift in Sources */ = {isa = PBXBuildFile; fileRef = 9AE9DEE721EA460900F4ED59 /* JsonModel.swift */; };
		9AE9DEED21EA4CAE00F4ED59 /* Constants.swift in Sources */ = {isa = PBXBuildFile; fileRef = 9AE9DEEC21EA4CAE00F4ED59 /* Constants.swift */; };
/* End PBXBuildFile section */

/* Begin PBXFileReference section */
		9A2DB39221EA68A800B5CDD1 /* RecipeCell.swift */ = {isa = PBXFileReference; lastKnownFileType = sourcecode.swift; path = RecipeCell.swift; sourceTree = "<group>"; };
		9A2DB39421EA68BB00B5CDD1 /* RecipeXib.xib */ = {isa = PBXFileReference; lastKnownFileType = file.xib; path = RecipeXib.xib; sourceTree = "<group>"; };
		9A2DB39621EA68D000B5CDD1 /* RecipeXibView.swift */ = {isa = PBXFileReference; lastKnownFileType = sourcecode.swift; path = RecipeXibView.swift; sourceTree = "<group>"; };
		9A2DB39821EA6A0A00B5CDD1 /* MyRoundedImageView.swift */ = {isa = PBXFileReference; lastKnownFileType = sourcecode.swift; path = MyRoundedImageView.swift; sourceTree = "<group>"; };
		9A2DB39A21EA6E3800B5CDD1 /* MyGradientShadowView.swift */ = {isa = PBXFileReference; lastKnownFileType = sourcecode.swift; path = MyGradientShadowView.swift; sourceTree = "<group>"; };
		9AE9DECB21EA445F00F4ED59 /* Recipe.app */ = {isa = PBXFileReference; explicitFileType = wrapper.application; includeInIndex = 0; path = Recipe.app; sourceTree = BUILT_PRODUCTS_DIR; };
		9AE9DECE21EA445F00F4ED59 /* AppDelegate.swift */ = {isa = PBXFileReference; lastKnownFileType = sourcecode.swift; path = AppDelegate.swift; sourceTree = "<group>"; };
		9AE9DED021EA445F00F4ED59 /* SearchRecipeVC.swift */ = {isa = PBXFileReference; lastKnownFileType = sourcecode.swift; path = SearchRecipeVC.swift; sourceTree = "<group>"; };
		9AE9DED321EA445F00F4ED59 /* Base */ = {isa = PBXFileReference; lastKnownFileType = file.storyboard; name = Base; path = Base.lproj/Main.storyboard; sourceTree = "<group>"; };
		9AE9DED521EA446000F4ED59 /* Assets.xcassets */ = {isa = PBXFileReference; lastKnownFileType = folder.assetcatalog; path = Assets.xcassets; sourceTree = "<group>"; };
		9AE9DED821EA446000F4ED59 /* Base */ = {isa = PBXFileReference; lastKnownFileType = file.storyboard; name = Base; path = Base.lproj/LaunchScreen.storyboard; sourceTree = "<group>"; };
		9AE9DEDA21EA446000F4ED59 /* Info.plist */ = {isa = PBXFileReference; lastKnownFileType = text.plist.xml; path = Info.plist; sourceTree = "<group>"; };
		9AE9DEE721EA460900F4ED59 /* JsonModel.swift */ = {isa = PBXFileReference; lastKnownFileType = sourcecode.swift; path = JsonModel.swift; sourceTree = "<group>"; };
		9AE9DEEC21EA4CAE00F4ED59 /* Constants.swift */ = {isa = PBXFileReference; lastKnownFileType = sourcecode.swift; path = Constants.swift; sourceTree = "<group>"; };
/* End PBXFileReference section */

/* Begin PBXFrameworksBuildPhase section */
		9AE9DEC821EA445F00F4ED59 /* Frameworks */ = {
			isa = PBXFrameworksBuildPhase;
			buildActionMask = 2147483647;
			files = (
			);
			runOnlyForDeploymentPostprocessing = 0;
		};
/* End PBXFrameworksBuildPhase section */

/* Begin PBXGroup section */
		9AE9DEC221EA445F00F4ED59 = {
			isa = PBXGroup;
			children = (
				9AE9DECD21EA445F00F4ED59 /* Recipe */,
				9AE9DECC21EA445F00F4ED59 /* Products */,
			);
			sourceTree = "<group>";
		};
		9AE9DECC21EA445F00F4ED59 /* Products */ = {
			isa = PBXGroup;
			children = (
				9AE9DECB21EA445F00F4ED59 /* Recipe.app */,
			);
			name = Products;
			sourceTree = "<group>";
		};
		9AE9DECD21EA445F00F4ED59 /* Recipe */ = {
			isa = PBXGroup;
			children = (
				9AE9DEEB21EA4C9E00F4ED59 /* Utils */,
				9AE9DEE421EA44BD00F4ED59 /* Xibs */,
				9AE9DEE321EA44B400F4ED59 /* Cells */,
				9AE9DEE221EA44AB00F4ED59 /* Models */,
				9AE9DEE121EA44A100F4ED59 /* Views */,
				9AE9DEE021EA449400F4ED59 /* Controllers */,
				9AE9DECE21EA445F00F4ED59 /* AppDelegate.swift */,
				9AE9DED221EA445F00F4ED59 /* Main.storyboard */,
				9AE9DED521EA446000F4ED59 /* Assets.xcassets */,
				9AE9DED721EA446000F4ED59 /* LaunchScreen.storyboard */,
				9AE9DEDA21EA446000F4ED59 /* Info.plist */,
			);
			path = Recipe;
			sourceTree = "<group>";
		};
		9AE9DEE021EA449400F4ED59 /* Controllers */ = {
			isa = PBXGroup;
			children = (
				9AE9DED021EA445F00F4ED59 /* SearchRecipeVC.swift */,
			);
			path = Controllers;
			sourceTree = "<group>";
		};
		9AE9DEE121EA44A100F4ED59 /* Views */ = {
			isa = PBXGroup;
			children = (
				9A2DB39621EA68D000B5CDD1 /* RecipeXibView.swift */,
				9A2DB39821EA6A0A00B5CDD1 /* MyRoundedImageView.swift */,
				9A2DB39A21EA6E3800B5CDD1 /* MyGradientShadowView.swift */,
			);
			path = Views;
			sourceTree = "<group>";
		};
		9AE9DEE221EA44AB00F4ED59 /* Models */ = {
			isa = PBXGroup;
			children = (
				9AE9DEE721EA460900F4ED59 /* JsonModel.swift */,
			);
			path = Models;
			sourceTree = "<group>";
		};
		9AE9DEE321EA44B400F4ED59 /* Cells */ = {
			isa = PBXGroup;
			children = (
				9A2DB39221EA68A800B5CDD1 /* RecipeCell.swift */,
			);
			path = Cells;
			sourceTree = "<group>";
		};
		9AE9DEE421EA44BD00F4ED59 /* Xibs */ = {
			isa = PBXGroup;
			children = (
				9A2DB39421EA68BB00B5CDD1 /* RecipeXib.xib */,
			);
			path = Xibs;
			sourceTree = "<group>";
		};
		9AE9DEEB21EA4C9E00F4ED59 /* Utils */ = {
			isa = PBXGroup;
			children = (
				9AE9DEEC21EA4CAE00F4ED59 /* Constants.swift */,
			);
			path = Utils;
			sourceTree = "<group>";
		};
/* End PBXGroup section */

/* Begin PBXNativeTarget section */
		9AE9DECA21EA445F00F4ED59 /* Recipe */ = {
			isa = PBXNativeTarget;
			buildConfigurationList = 9AE9DEDD21EA446000F4ED59 /* Build configuration list for PBXNativeTarget "Recipe" */;
			buildPhases = (
				9AE9DEC721EA445F00F4ED59 /* Sources */,
				9AE9DEC821EA445F00F4ED59 /* Frameworks */,
				9AE9DEC921EA445F00F4ED59 /* Resources */,
			);
			buildRules = (
			);
			dependencies = (
			);
			name = Recipe;
			productName = Recipe;
			productReference = 9AE9DECB21EA445F00F4ED59 /* Recipe.app */;
			productType = "com.apple.product-type.application";
		};
/* End PBXNativeTarget section */

/* Begin PBXProject section */
		9AE9DEC321EA445F00F4ED59 /* Project object */ = {
			isa = PBXProject;
			attributes = {
				LastSwiftUpdateCheck = 1010;
				LastUpgradeCheck = 1010;
				ORGANIZATIONNAME = "Waleed Saad";
				TargetAttributes = {
					9AE9DECA21EA445F00F4ED59 = {
						CreatedOnToolsVersion = 10.1;
					};
				};
			};
			buildConfigurationList = 9AE9DEC621EA445F00F4ED59 /* Build configuration list for PBXProject "Recipe" */;
			compatibilityVersion = "Xcode 9.3";
			developmentRegion = en;
			hasScannedForEncodings = 0;
			knownRegions = (
				en,
				Base,
			);
			mainGroup = 9AE9DEC221EA445F00F4ED59;
			productRefGroup = 9AE9DECC21EA445F00F4ED59 /* Products */;
			projectDirPath = "";
			projectRoot = "";
			targets = (
				9AE9DECA21EA445F00F4ED59 /* Recipe */,
			);
		};
/* End PBXProject section */

/* Begin PBXResourcesBuildPhase section */
		9AE9DEC921EA445F00F4ED59 /* Resources */ = {
			isa = PBXResourcesBuildPhase;
			buildActionMask = 2147483647;
			files = (
				9AE9DED921EA446000F4ED59 /* LaunchScreen.storyboard in Resources */,
				9A2DB39521EA68BB00B5CDD1 /* RecipeXib.xib in Resources */,
				9AE9DED621EA446000F4ED59 /* Assets.xcassets in Resources */,
				9AE9DED421EA445F00F4ED59 /* Main.storyboard in Resources */,
			);
			runOnlyForDeploymentPostprocessing = 0;
		};
/* End PBXResourcesBuildPhase section */

/* Begin PBXSourcesBuildPhase section */
		9AE9DEC721EA445F00F4ED59 /* Sources */ = {
			isa = PBXSourcesBuildPhase;
			buildActionMask = 2147483647;
			files = (
				9A2DB39921EA6A0A00B5CDD1 /* MyRoundedImageView.swift in Sources */,
				9A2DB39721EA68D000B5CDD1 /* RecipeXibView.swift in Sources */,
				9A2DB39B21EA6E3800B5CDD1 /* MyGradientShadowView.swift in Sources */,
				9A2DB39321EA68A800B5CDD1 /* RecipeCell.swift in Sources */,
				9AE9DEE821EA460900F4ED59 /* JsonModel.swift in Sources */,
				9AE9DED121EA445F00F4ED59 /* SearchRecipeVC.swift in Sources */,
				9AE9DECF21EA445F00F4ED59 /* AppDelegate.swift in Sources */,
				9AE9DEED21EA4CAE00F4ED59 /* Constants.swift in Sources */,
			);
			runOnlyForDeploymentPostprocessing = 0;
		};
/* End PBXSourcesBuildPhase section */

/* Begin PBXVariantGroup section */
		9AE9DED221EA445F00F4ED59 /* Main.storyboard */ = {
			isa = PBXVariantGroup;
			children = (
				9AE9DED321EA445F00F4ED59 /* Base */,
			);
			name = Main.storyboard;
			sourceTree = "<group>";
		};
		9AE9DED721EA446000F4ED59 /* LaunchScreen.storyboard */ = {
			isa = PBXVariantGroup;
			children = (
				9AE9DED821EA446000F4ED59 /* Base */,
			);
			name = LaunchScreen.storyboard;
			sourceTree = "<group>";
		};
/* End PBXVariantGroup section */

/* Begin XCBuildConfiguration section */
		9AE9DEDB21EA446000F4ED59 /* Debug */ = {
			isa = XCBuildConfiguration;
			buildSettings = {
				ALWAYS_SEARCH_USER_PATHS = NO;
				CLANG_ANALYZER_NONNULL = YES;
				CLANG_ANALYZER_NUMBER_OBJECT_CONVERSION = YES_AGGRESSIVE;
				CLANG_CXX_LANGUAGE_STANDARD = "gnu++14";
				CLANG_CXX_LIBRARY = "libc++";
				CLANG_ENABLE_MODULES = YES;
				CLANG_ENABLE_OBJC_ARC = YES;
				CLANG_ENABLE_OBJC_WEAK = YES;
				CLANG_WARN_BLOCK_CAPTURE_AUTORELEASING = YES;
				CLANG_WARN_BOOL_CONVERSION = YES;
				CLANG_WARN_COMMA = YES;
				CLANG_WARN_CONSTANT_CONVERSION = YES;
				CLANG_WARN_DEPRECATED_OBJC_IMPLEMENTATIONS = YES;
				CLANG_WARN_DIRECT_OBJC_ISA_USAGE = YES_ERROR;
				CLANG_WARN_DOCUMENTATION_COMMENTS = YES;
				CLANG_WARN_EMPTY_BODY = YES;
				CLANG_WARN_ENUM_CONVERSION = YES;
				CLANG_WARN_INFINITE_RECURSION = YES;
				CLANG_WARN_INT_CONVERSION = YES;
				CLANG_WARN_NON_LITERAL_NULL_CONVERSION = YES;
				CLANG_WARN_OBJC_IMPLICIT_RETAIN_SELF = YES;
				CLANG_WARN_OBJC_LITERAL_CONVERSION = YES;
				CLANG_WARN_OBJC_ROOT_CLASS = YES_ERROR;
				CLANG_WARN_RANGE_LOOP_ANALYSIS = YES;
				CLANG_WARN_STRICT_PROTOTYPES = YES;
				CLANG_WARN_SUSPICIOUS_MOVE = YES;
				CLANG_WARN_UNGUARDED_AVAILABILITY = YES_AGGRESSIVE;
				CLANG_WARN_UNREACHABLE_CODE = YES;
				CLANG_WARN__DUPLICATE_METHOD_MATCH = YES;
				CODE_SIGN_IDENTITY = "iPhone Developer";
				COPY_PHASE_STRIP = NO;
				DEBUG_INFORMATION_FORMAT = dwarf;
				ENABLE_STRICT_OBJC_MSGSEND = YES;
				ENABLE_TESTABILITY = YES;
				GCC_C_LANGUAGE_STANDARD = gnu11;
				GCC_DYNAMIC_NO_PIC = NO;
				GCC_NO_COMMON_BLOCKS = YES;
				GCC_OPTIMIZATION_LEVEL = 0;
				GCC_PREPROCESSOR_DEFINITIONS = (
					"DEBUG=1",
					"$(inherited)",
				);
				GCC_WARN_64_TO_32_BIT_CONVERSION = YES;
				GCC_WARN_ABOUT_RETURN_TYPE = YES_ERROR;
				GCC_WARN_UNDECLARED_SELECTOR = YES;
				GCC_WARN_UNINITIALIZED_AUTOS = YES_AGGRESSIVE;
				GCC_WARN_UNUSED_FUNCTION = YES;
				GCC_WARN_UNUSED_VARIABLE = YES;
				IPHONEOS_DEPLOYMENT_TARGET = 12.1;
				MTL_ENABLE_DEBUG_INFO = INCLUDE_SOURCE;
				MTL_FAST_MATH = YES;
				ONLY_ACTIVE_ARCH = YES;
				SDKROOT = iphoneos;
				SWIFT_ACTIVE_COMPILATION_CONDITIONS = DEBUG;
				SWIFT_OPTIMIZATION_LEVEL = "-Onone";
			};
			name = Debug;
		};
		9AE9DEDC21EA446000F4ED59 /* Release */ = {
			isa = XCBuildConfiguration;
			buildSettings = {
				ALWAYS_SEARCH_USER_PATHS = NO;
				CLANG_ANALYZER_NONNULL = YES;
				CLANG_ANALYZER_NUMBER_OBJECT_CONVERSION = YES_AGGRESSIVE;
				CLANG_CXX_LANGUAGE_STANDARD = "gnu++14";
				CLANG_CXX_LIBRARY = "libc++";
				CLANG_ENABLE_MODULES = YES;
				CLANG_ENABLE_OBJC_ARC = YES;
				CLANG_ENABLE_OBJC_WEAK = YES;
				CLANG_WARN_BLOCK_CAPTURE_AUTORELEASING = YES;
				CLANG_WARN_BOOL_CONVERSION = YES;
				CLANG_WARN_COMMA = YES;
				CLANG_WARN_CONSTANT_CONVERSION = YES;
				CLANG_WARN_DEPRECATED_OBJC_IMPLEMENTATIONS = YES;
				CLANG_WARN_DIRECT_OBJC_ISA_USAGE = YES_ERROR;
				CLANG_WARN_DOCUMENTATION_COMMENTS = YES;
				CLANG_WARN_EMPTY_BODY = YES;
				CLANG_WARN_ENUM_CONVERSION = YES;
				CLANG_WARN_INFINITE_RECURSION = YES;
				CLANG_WARN_INT_CONVERSION = YES;
				CLANG_WARN_NON_LITERAL_NULL_CONVERSION = YES;
				CLANG_WARN_OBJC_IMPLICIT_RETAIN_SELF = YES;
				CLANG_WARN_OBJC_LITERAL_CONVERSION = YES;
				CLANG_WARN_OBJC_ROOT_CLASS = YES_ERROR;
				CLANG_WARN_RANGE_LOOP_ANALYSIS = YES;
				CLANG_WARN_STRICT_PROTOTYPES = YES;
				CLANG_WARN_SUSPICIOUS_MOVE = YES;
				CLANG_WARN_UNGUARDED_AVAILABILITY = YES_AGGRESSIVE;
				CLANG_WARN_UNREACHABLE_CODE = YES;
				CLANG_WARN__DUPLICATE_METHOD_MATCH = YES;
				CODE_SIGN_IDENTITY = "iPhone Developer";
				COPY_PHASE_STRIP = NO;
				DEBUG_INFORMATION_FORMAT = "dwarf-with-dsym";
				ENABLE_NS_ASSERTIONS = NO;
				ENABLE_STRICT_OBJC_MSGSEND = YES;
				GCC_C_LANGUAGE_STANDARD = gnu11;
				GCC_NO_COMMON_BLOCKS = YES;
				GCC_WARN_64_TO_32_BIT_CONVERSION = YES;
				GCC_WARN_ABOUT_RETURN_TYPE = YES_ERROR;
				GCC_WARN_UNDECLARED_SELECTOR = YES;
				GCC_WARN_UNINITIALIZED_AUTOS = YES_AGGRESSIVE;
				GCC_WARN_UNUSED_FUNCTION = YES;
				GCC_WARN_UNUSED_VARIABLE = YES;
				IPHONEOS_DEPLOYMENT_TARGET = 12.1;
				MTL_ENABLE_DEBUG_INFO = NO;
				MTL_FAST_MATH = YES;
				SDKROOT = iphoneos;
				SWIFT_COMPILATION_MODE = wholemodule;
				SWIFT_OPTIMIZATION_LEVEL = "-O";
				VALIDATE_PRODUCT = YES;
			};
			name = Release;
		};
		9AE9DEDE21EA446000F4ED59 /* Debug */ = {
			isa = XCBuildConfiguration;
			buildSettings = {
				ASSETCATALOG_COMPILER_APPICON_NAME = AppIcon;
				CODE_SIGN_STYLE = Automatic;
				DEVELOPMENT_TEAM = 9ZQYXKN3W6;
				INFOPLIST_FILE = Recipe/Info.plist;
				LD_RUNPATH_SEARCH_PATHS = (
					"$(inherited)",
					"@executable_path/Frameworks",
				);
				PRODUCT_BUNDLE_IDENTIFIER = waleedsaad.Recipe;
				PRODUCT_NAME = "$(TARGET_NAME)";
				SWIFT_VERSION = 4.2;
				TARGETED_DEVICE_FAMILY = "1,2";
			};
			name = Debug;
		};
		9AE9DEDF21EA446000F4ED59 /* Release */ = {
			isa = XCBuildConfiguration;
			buildSettings = {
				ASSETCATALOG_COMPILER_APPICON_NAME = AppIcon;
				CODE_SIGN_STYLE = Automatic;
				DEVELOPMENT_TEAM = 9ZQYXKN3W6;
				INFOPLIST_FILE = Recipe/Info.plist;
				LD_RUNPATH_SEARCH_PATHS = (
					"$(inherited)",
					"@executable_path/Frameworks",
				);
				PRODUCT_BUNDLE_IDENTIFIER = waleedsaad.Recipe;
				PRODUCT_NAME = "$(TARGET_NAME)";
				SWIFT_VERSION = 4.2;
				TARGETED_DEVICE_FAMILY = "1,2";
			};
			name = Release;
		};
/* End XCBuildConfiguration section */

/* Begin XCConfigurationList section */
		9AE9DEC621EA445F00F4ED59 /* Build configuration list for PBXProject "Recipe" */ = {
			isa = XCConfigurationList;
			buildConfigurations = (
				9AE9DEDB21EA446000F4ED59 /* Debug */,
				9AE9DEDC21EA446000F4ED59 /* Release */,
			);
			defaultConfigurationIsVisible = 0;
			defaultConfigurationName = Release;
		};
		9AE9DEDD21EA446000F4ED59 /* Build configuration list for PBXNativeTarget "Recipe" */ = {
			isa = XCConfigurationList;
			buildConfigurations = (
				9AE9DEDE21EA446000F4ED59 /* Debug */,
				9AE9DEDF21EA446000F4ED59 /* Release */,
			);
			defaultConfigurationIsVisible = 0;
			defaultConfigurationName = Release;
		};
/* End XCConfigurationList section */
	};
	rootObject = 9AE9DEC321EA445F00F4ED59 /* Project object */;
}
